
Microsoft Visual Studio Solution File, Format Version 12.00
# Visual Studio Version 17
VisualStudioVersion = 17.3.32922.545
MinimumVisualStudioVersion = 10.0.40219.1
Project("{FAE04EC0-301F-11D3-BF4B-00C04F79EFBC}") = "ChainAssertion", "ChainAssertion\ChainAssertion.csproj", "{6B6C6A45-3CA8-441E-B7FF-B23A26707CCE}"
EndProject
Project("{FAE04EC0-301F-11D3-BF4B-00C04F79EFBC}") = "UnitTestProject1", "UnitTestProject1\UnitTestProject1.csproj", "{FF838386-D025-4C23-B6E0-08FD10AE6973}"
EndProject
Global
	GlobalSection(SolutionConfigurationPlatforms) = preSolution
		Debug|Any CPU = Debug|Any CPU
		Release|Any CPU = Release|Any CPU
	EndGlobalSection
	GlobalSection(ProjectConfigurationPlatforms) = postSolution
		{6B6C6A45-3CA8-441E-B7FF-B23A26707CCE}.Debug|Any CPU.ActiveCfg = Debug|Any CPU
		{6B6C6A45-3CA8-441E-B7FF-B23A26707CCE}.Debug|Any CPU.Build.0 = Debug|Any CPU
		{6B6C6A45-3CA8-441E-B7FF-B23A26707CCE}.Release|Any CPU.ActiveCfg = Release|Any CPU
		{6B6C6A45-3CA8-441E-B7FF-B23A26707CCE}.Release|Any CPU.Build.0 = Release|Any CPU
		{FF838386-D025-4C23-B6E0-08FD10AE6973}.Debug|Any CPU.ActiveCfg = Debug|Any CPU
		{FF838386-D025-4C23-B6E0-08FD10AE6973}.Debug|Any CPU.Build.0 = Debug|Any CPU
		{FF838386-D025-4C23-B6E0-08FD10AE6973}.Release|Any CPU.ActiveCfg = Release|Any CPU
		{FF838386-D025-4C23-B6E0-08FD10AE6973}.Release|Any CPU.Build.0 = Release|Any CPU
	EndGlobalSection
	GlobalSection(SolutionProperties) = preSolution
		HideSolutionNode = FALSE
	EndGlobalSection
	GlobalSection(ExtensibilityGlobals) = postSolution
		SolutionGuid = {649E2458-7F0C-4373-B7CF-53DB94CDA612}
	EndGlobalSection
EndGlobal
